
Microsoft Visual Studio Solution File, Format Version 12.00
# Visual Studio 14
VisualStudioVersion = 14.0.25123.0
MinimumVisualStudioVersion = 10.0.40219.1
Project("{8BC9CEB8-8B4A-11D0-8D11-00A0C91BC942}") = "RayTracingWeekend", "RayTracingWeekend\RayTracingWeekend.vcxproj", "{65602540-7777-4ABB-AE55-4A9DD39229E1}"
EndProject
Project("{8BC9CEB8-8B4A-11D0-8D11-00A0C91BC942}") = "CppTest", "CppTest\CppTest.vcxproj", "{D6C92D6F-B465-4D47-B0FE-02923B9610AD}"
EndProject
Global
	GlobalSection(SolutionConfigurationPlatforms) = preSolution
		Debug|Win32 = Debug|Win32
		Debug|x64 = Debug|x64
		Release|Win32 = Release|Win32
		Release|x64 = Release|x64
	EndGlobalSection
	GlobalSection(ProjectConfigurationPlatforms) = postSolution
		{65602540-7777-4ABB-AE55-4A9DD39229E1}.Debug|Win32.ActiveCfg = Debug|Win32
		{65602540-7777-4ABB-AE55-4A9DD39229E1}.Debug|Win32.Build.0 = Debug|Win32
		{65602540-7777-4ABB-AE55-4A9DD39229E1}.Debug|x64.ActiveCfg = Debug|x64
		{65602540-7777-4ABB-AE55-4A9DD39229E1}.Debug|x64.Build.0 = Debug|x64
		{65602540-7777-4ABB-AE55-4A9DD39229E1}.Release|Win32.ActiveCfg = Release|Win32
		{65602540-7777-4ABB-AE55-4A9DD39229E1}.Release|Win32.Build.0 = Release|Win32
		{65602540-7777-4ABB-AE55-4A9DD39229E1}.Release|x64.ActiveCfg = Release|x64
		{65602540-7777-4ABB-AE55-4A9DD39229E1}.Release|x64.Build.0 = Release|x64
		{D6C92D6F-B465-4D47-B0FE-02923B9610AD}.Debug|Win32.ActiveCfg = Debug|Win32
		{D6C92D6F-B465-4D47-B0FE-02923B9610AD}.Debug|Win32.Build.0 = Debug|Win32
		{D6C92D6F-B465-4D47-B0FE-02923B9610AD}.Debug|x64.ActiveCfg = Debug|x64
		{D6C92D6F-B465-4D47-B0FE-02923B9610AD}.Debug|x64.Build.0 = Debug|x64
		{D6C92D6F-B465-4D47-B0FE-02923B9610AD}.Release|Win32.ActiveCfg = Release|Win32
		{D6C92D6F-B465-4D47-B0FE-02923B9610AD}.Release|Win32.Build.0 = Release|Win32
		{D6C92D6F-B465-4D47-B0FE-02923B9610AD}.Release|x64.ActiveCfg = Release|x64
		{D6C92D6F-B465-4D47-B0FE-02923B9610AD}.Release|x64.Build.0 = Release|x64
	EndGlobalSection
	GlobalSection(SolutionProperties) = preSolution
		HideSolutionNode = FALSE
	EndGlobalSection
EndGlobal
